// !$*UTF8*$!
{
	archiveVersion = 1;
	classes = {
	};
	objectVersion = 48;
	objects = {

/* Begin PBXBuildFile section */
		81E103DD1FCC7C4C002DF8B4 /* ArticleViewController.swift in Sources */ = {isa = PBXBuildFile; fileRef = 81E103DC1FCC7C4C002DF8B4 /* ArticleViewController.swift */; };
		81E103DF1FCC7CC2002DF8B4 /* Article.swift in Sources */ = {isa = PBXBuildFile; fileRef = 81E103DE1FCC7CC2002DF8B4 /* Article.swift */; };
		81E103E11FCC7E31002DF8B4 /* ArticleAPIClient.swift in Sources */ = {isa = PBXBuildFile; fileRef = 81E103E01FCC7E31002DF8B4 /* ArticleAPIClient.swift */; };
		81EAEB721FCC6A6C004D3430 /* AppDelegate.swift in Sources */ = {isa = PBXBuildFile; fileRef = 81EAEB711FCC6A6C004D3430 /* AppDelegate.swift */; };
		81EAEB741FCC6A6C004D3430 /* ViewController.swift in Sources */ = {isa = PBXBuildFile; fileRef = 81EAEB731FCC6A6C004D3430 /* ViewController.swift */; };
		81EAEB771FCC6A6C004D3430 /* Main.storyboard in Resources */ = {isa = PBXBuildFile; fileRef = 81EAEB751FCC6A6C004D3430 /* Main.storyboard */; };
		81EAEB791FCC6A6C004D3430 /* Assets.xcassets in Resources */ = {isa = PBXBuildFile; fileRef = 81EAEB781FCC6A6C004D3430 /* Assets.xcassets */; };
		81EAEB7C1FCC6A6C004D3430 /* LaunchScreen.storyboard in Resources */ = {isa = PBXBuildFile; fileRef = 81EAEB7A1FCC6A6C004D3430 /* LaunchScreen.storyboard */; };
		81EAEB851FCC6D22004D3430 /* Stock.swift in Sources */ = {isa = PBXBuildFile; fileRef = 81EAEB841FCC6D22004D3430 /* Stock.swift */; };
		81EAEB871FCC6F49004D3430 /* StockAPIClient.swift in Sources */ = {isa = PBXBuildFile; fileRef = 81EAEB861FCC6F49004D3430 /* StockAPIClient.swift */; };
		81EAEB891FCC7181004D3430 /* NetworkHelper.swift in Sources */ = {isa = PBXBuildFile; fileRef = 81EAEB881FCC7181004D3430 /* NetworkHelper.swift */; };
/* End PBXBuildFile section */

/* Begin PBXFileReference section */
		81E103DC1FCC7C4C002DF8B4 /* ArticleViewController.swift */ = {isa = PBXFileReference; lastKnownFileType = sourcecode.swift; path = ArticleViewController.swift; sourceTree = "<group>"; };
		81E103DE1FCC7CC2002DF8B4 /* Article.swift */ = {isa = PBXFileReference; lastKnownFileType = sourcecode.swift; path = Article.swift; sourceTree = "<group>"; };
		81E103E01FCC7E31002DF8B4 /* ArticleAPIClient.swift */ = {isa = PBXFileReference; lastKnownFileType = sourcecode.swift; path = ArticleAPIClient.swift; sourceTree = "<group>"; };
		81EAEB6E1FCC6A6C004D3430 /* GettingDataFromOnline.app */ = {isa = PBXFileReference; explicitFileType = wrapper.application; includeInIndex = 0; path = GettingDataFromOnline.app; sourceTree = BUILT_PRODUCTS_DIR; };
		81EAEB711FCC6A6C004D3430 /* AppDelegate.swift */ = {isa = PBXFileReference; lastKnownFileType = sourcecode.swift; path = AppDelegate.swift; sourceTree = "<group>"; };
		81EAEB731FCC6A6C004D3430 /* ViewController.swift */ = {isa = PBXFileReference; lastKnownFileType = sourcecode.swift; path = ViewController.swift; sourceTree = "<group>"; };
		81EAEB761FCC6A6C004D3430 /* Base */ = {isa = PBXFileReference; lastKnownFileType = file.storyboard; name = Base; path = Base.lproj/Main.storyboard; sourceTree = "<group>"; };
		81EAEB781FCC6A6C004D3430 /* Assets.xcassets */ = {isa = PBXFileReference; lastKnownFileType = folder.assetcatalog; path = Assets.xcassets; sourceTree = "<group>"; };
		81EAEB7B1FCC6A6C004D3430 /* Base */ = {isa = PBXFileReference; lastKnownFileType = file.storyboard; name = Base; path = Base.lproj/LaunchScreen.storyboard; sourceTree = "<group>"; };
		81EAEB7D1FCC6A6C004D3430 /* Info.plist */ = {isa = PBXFileReference; lastKnownFileType = text.plist.xml; path = Info.plist; sourceTree = "<group>"; };
		81EAEB841FCC6D22004D3430 /* Stock.swift */ = {isa = PBXFileReference; lastKnownFileType = sourcecode.swift; path = Stock.swift; sourceTree = "<group>"; };
		81EAEB861FCC6F49004D3430 /* StockAPIClient.swift */ = {isa = PBXFileReference; lastKnownFileType = sourcecode.swift; path = StockAPIClient.swift; sourceTree = "<group>"; };
		81EAEB881FCC7181004D3430 /* NetworkHelper.swift */ = {isa = PBXFileReference; lastKnownFileType = sourcecode.swift; path = NetworkHelper.swift; sourceTree = "<group>"; };
/* End PBXFileReference section */

/* Begin PBXFrameworksBuildPhase section */
		81EAEB6B1FCC6A6C004D3430 /* Frameworks */ = {
			isa = PBXFrameworksBuildPhase;
			buildActionMask = 2147483647;
			files = (
			);
			runOnlyForDeploymentPostprocessing = 0;
		};
/* End PBXFrameworksBuildPhase section */

/* Begin PBXGroup section */
		81EAEB651FCC6A6C004D3430 = {
			isa = PBXGroup;
			children = (
				81EAEB701FCC6A6C004D3430 /* GettingDataFromOnline */,
				81EAEB6F1FCC6A6C004D3430 /* Products */,
			);
			sourceTree = "<group>";
		};
		81EAEB6F1FCC6A6C004D3430 /* Products */ = {
			isa = PBXGroup;
			children = (
				81EAEB6E1FCC6A6C004D3430 /* GettingDataFromOnline.app */,
			);
			name = Products;
			sourceTree = "<group>";
		};
		81EAEB701FCC6A6C004D3430 /* GettingDataFromOnline */ = {
			isa = PBXGroup;
			children = (
				81EAEB831FCC6A7F004D3430 /* Unused Stuff */,
				81EAEB731FCC6A6C004D3430 /* ViewController.swift */,
				81EAEB861FCC6F49004D3430 /* StockAPIClient.swift */,
				81E103DC1FCC7C4C002DF8B4 /* ArticleViewController.swift */,
				81E103E01FCC7E31002DF8B4 /* ArticleAPIClient.swift */,
				81EAEB881FCC7181004D3430 /* NetworkHelper.swift */,
				81EAEB751FCC6A6C004D3430 /* Main.storyboard */,
				81E103DE1FCC7CC2002DF8B4 /* Article.swift */,
				81EAEB841FCC6D22004D3430 /* Stock.swift */,
				81EAEB781FCC6A6C004D3430 /* Assets.xcassets */,
				81EAEB7D1FCC6A6C004D3430 /* Info.plist */,
			);
			path = GettingDataFromOnline;
			sourceTree = "<group>";
		};
		81EAEB831FCC6A7F004D3430 /* Unused Stuff */ = {
			isa = PBXGroup;
			children = (
				81EAEB711FCC6A6C004D3430 /* AppDelegate.swift */,
				81EAEB7A1FCC6A6C004D3430 /* LaunchScreen.storyboard */,
			);
			path = "Unused Stuff";
			sourceTree = "<group>";
		};
/* End PBXGroup section */

/* Begin PBXNativeTarget section */
		81EAEB6D1FCC6A6C004D3430 /* GettingDataFromOnline */ = {
			isa = PBXNativeTarget;
			buildConfigurationList = 81EAEB801FCC6A6C004D3430 /* Build configuration list for PBXNativeTarget "GettingDataFromOnline" */;
			buildPhases = (
				81EAEB6A1FCC6A6C004D3430 /* Sources */,
				81EAEB6B1FCC6A6C004D3430 /* Frameworks */,
				81EAEB6C1FCC6A6C004D3430 /* Resources */,
			);
			buildRules = (
			);
			dependencies = (
			);
			name = GettingDataFromOnline;
			productName = GettingDataFromOnline;
			productReference = 81EAEB6E1FCC6A6C004D3430 /* GettingDataFromOnline.app */;
			productType = "com.apple.product-type.application";
		};
/* End PBXNativeTarget section */

/* Begin PBXProject section */
		81EAEB661FCC6A6C004D3430 /* Project object */ = {
			isa = PBXProject;
			attributes = {
				LastSwiftUpdateCheck = 0900;
				LastUpgradeCheck = 0900;
				ORGANIZATIONNAME = "Melissa He @ C4Q";
				TargetAttributes = {
					81EAEB6D1FCC6A6C004D3430 = {
						CreatedOnToolsVersion = 9.0;
						ProvisioningStyle = Automatic;
					};
				};
			};
			buildConfigurationList = 81EAEB691FCC6A6C004D3430 /* Build configuration list for PBXProject "GettingDataFromOnline" */;
			compatibilityVersion = "Xcode 8.0";
			developmentRegion = en;
			hasScannedForEncodings = 0;
			knownRegions = (
				en,
				Base,
			);
			mainGroup = 81EAEB651FCC6A6C004D3430;
			productRefGroup = 81EAEB6F1FCC6A6C004D3430 /* Products */;
			projectDirPath = "";
			projectRoot = "";
			targets = (
				81EAEB6D1FCC6A6C004D3430 /* GettingDataFromOnline */,
			);
		};
/* End PBXProject section */

/* Begin PBXResourcesBuildPhase section */
		81EAEB6C1FCC6A6C004D3430 /* Resources */ = {
			isa = PBXResourcesBuildPhase;
			buildActionMask = 2147483647;
			files = (
				81EAEB7C1FCC6A6C004D3430 /* LaunchScreen.storyboard in Resources */,
				81EAEB791FCC6A6C004D3430 /* Assets.xcassets in Resources */,
				81EAEB771FCC6A6C004D3430 /* Main.storyboard in Resources */,
			);
			runOnlyForDeploymentPostprocessing = 0;
		};
/* End PBXResourcesBuildPhase section */

/* Begin PBXSourcesBuildPhase section */
		81EAEB6A1FCC6A6C004D3430 /* Sources */ = {
			isa = PBXSourcesBuildPhase;
			buildActionMask = 2147483647;
			files = (
				81E103DF1FCC7CC2002DF8B4 /* Article.swift in Sources */,
				81EAEB871FCC6F49004D3430 /* StockAPIClient.swift in Sources */,
				81E103DD1FCC7C4C002DF8B4 /* ArticleViewController.swift in Sources */,
				81EAEB741FCC6A6C004D3430 /* ViewController.swift in Sources */,
				81EAEB891FCC7181004D3430 /* NetworkHelper.swift in Sources */,
				81EAEB721FCC6A6C004D3430 /* AppDelegate.swift in Sources */,
				81E103E11FCC7E31002DF8B4 /* ArticleAPIClient.swift in Sources */,
				81EAEB851FCC6D22004D3430 /* Stock.swift in Sources */,
			);
			runOnlyForDeploymentPostprocessing = 0;
		};
/* End PBXSourcesBuildPhase section */

/* Begin PBXVariantGroup section */
		81EAEB751FCC6A6C004D3430 /* Main.storyboard */ = {
			isa = PBXVariantGroup;
			children = (
				81EAEB761FCC6A6C004D3430 /* Base */,
			);
			name = Main.storyboard;
			sourceTree = "<group>";
		};
		81EAEB7A1FCC6A6C004D3430 /* LaunchScreen.storyboard */ = {
			isa = PBXVariantGroup;
			children = (
				81EAEB7B1FCC6A6C004D3430 /* Base */,
			);
			name = LaunchScreen.storyboard;
			sourceTree = "<group>";
		};
/* End PBXVariantGroup section */

/* Begin XCBuildConfiguration section */
		81EAEB7E1FCC6A6C004D3430 /* Debug */ = {
			isa = XCBuildConfiguration;
			buildSettings = {
				ALWAYS_SEARCH_USER_PATHS = NO;
				CLANG_ANALYZER_NONNULL = YES;
				CLANG_ANALYZER_NUMBER_OBJECT_CONVERSION = YES_AGGRESSIVE;
				CLANG_CXX_LANGUAGE_STANDARD = "gnu++14";
				CLANG_CXX_LIBRARY = "libc++";
				CLANG_ENABLE_MODULES = YES;
				CLANG_ENABLE_OBJC_ARC = YES;
				CLANG_WARN_BLOCK_CAPTURE_AUTORELEASING = YES;
				CLANG_WARN_BOOL_CONVERSION = YES;
				CLANG_WARN_COMMA = YES;
				CLANG_WARN_CONSTANT_CONVERSION = YES;
				CLANG_WARN_DIRECT_OBJC_ISA_USAGE = YES_ERROR;
				CLANG_WARN_DOCUMENTATION_COMMENTS = YES;
				CLANG_WARN_EMPTY_BODY = YES;
				CLANG_WARN_ENUM_CONVERSION = YES;
				CLANG_WARN_INFINITE_RECURSION = YES;
				CLANG_WARN_INT_CONVERSION = YES;
				CLANG_WARN_NON_LITERAL_NULL_CONVERSION = YES;
				CLANG_WARN_OBJC_LITERAL_CONVERSION = YES;
				CLANG_WARN_OBJC_ROOT_CLASS = YES_ERROR;
				CLANG_WARN_RANGE_LOOP_ANALYSIS = YES;
				CLANG_WARN_STRICT_PROTOTYPES = YES;
				CLANG_WARN_SUSPICIOUS_MOVE = YES;
				CLANG_WARN_UNGUARDED_AVAILABILITY = YES_AGGRESSIVE;
				CLANG_WARN_UNREACHABLE_CODE = YES;
				CLANG_WARN__DUPLICATE_METHOD_MATCH = YES;
				CODE_SIGN_IDENTITY = "iPhone Developer";
				COPY_PHASE_STRIP = NO;
				DEBUG_INFORMATION_FORMAT = dwarf;
				ENABLE_STRICT_OBJC_MSGSEND = YES;
				ENABLE_TESTABILITY = YES;
				GCC_C_LANGUAGE_STANDARD = gnu11;
				GCC_DYNAMIC_NO_PIC = NO;
				GCC_NO_COMMON_BLOCKS = YES;
				GCC_OPTIMIZATION_LEVEL = 0;
				GCC_PREPROCESSOR_DEFINITIONS = (
					"DEBUG=1",
					"$(inherited)",
				);
				GCC_WARN_64_TO_32_BIT_CONVERSION = YES;
				GCC_WARN_ABOUT_RETURN_TYPE = YES_ERROR;
				GCC_WARN_UNDECLARED_SELECTOR = YES;
				GCC_WARN_UNINITIALIZED_AUTOS = YES_AGGRESSIVE;
				GCC_WARN_UNUSED_FUNCTION = YES;
				GCC_WARN_UNUSED_VARIABLE = YES;
				IPHONEOS_DEPLOYMENT_TARGET = 11.0;
				MTL_ENABLE_DEBUG_INFO = YES;
				ONLY_ACTIVE_ARCH = YES;
				SDKROOT = iphoneos;
				SWIFT_ACTIVE_COMPILATION_CONDITIONS = DEBUG;
				SWIFT_OPTIMIZATION_LEVEL = "-Onone";
			};
			name = Debug;
		};
		81EAEB7F1FCC6A6C004D3430 /* Release */ = {
			isa = XCBuildConfiguration;
			buildSettings = {
				ALWAYS_SEARCH_USER_PATHS = NO;
				CLANG_ANALYZER_NONNULL = YES;
				CLANG_ANALYZER_NUMBER_OBJECT_CONVERSION = YES_AGGRESSIVE;
				CLANG_CXX_LANGUAGE_STANDARD = "gnu++14";
				CLANG_CXX_LIBRARY = "libc++";
				CLANG_ENABLE_MODULES = YES;
				CLANG_ENABLE_OBJC_ARC = YES;
				CLANG_WARN_BLOCK_CAPTURE_AUTORELEASING = YES;
				CLANG_WARN_BOOL_CONVERSION = YES;
				CLANG_WARN_COMMA = YES;
				CLANG_WARN_CONSTANT_CONVERSION = YES;
				CLANG_WARN_DIRECT_OBJC_ISA_USAGE = YES_ERROR;
				CLANG_WARN_DOCUMENTATION_COMMENTS = YES;
				CLANG_WARN_EMPTY_BODY = YES;
				CLANG_WARN_ENUM_CONVERSION = YES;
				CLANG_WARN_INFINITE_RECURSION = YES;
				CLANG_WARN_INT_CONVERSION = YES;
				CLANG_WARN_NON_LITERAL_NULL_CONVERSION = YES;
				CLANG_WARN_OBJC_LITERAL_CONVERSION = YES;
				CLANG_WARN_OBJC_ROOT_CLASS = YES_ERROR;
				CLANG_WARN_RANGE_LOOP_ANALYSIS = YES;
				CLANG_WARN_STRICT_PROTOTYPES = YES;
				CLANG_WARN_SUSPICIOUS_MOVE = YES;
				CLANG_WARN_UNGUARDED_AVAILABILITY = YES_AGGRESSIVE;
				CLANG_WARN_UNREACHABLE_CODE = YES;
				CLANG_WARN__DUPLICATE_METHOD_MATCH = YES;
				CODE_SIGN_IDENTITY = "iPhone Developer";
				COPY_PHASE_STRIP = NO;
				DEBUG_INFORMATION_FORMAT = "dwarf-with-dsym";
				ENABLE_NS_ASSERTIONS = NO;
				ENABLE_STRICT_OBJC_MSGSEND = YES;
				GCC_C_LANGUAGE_STANDARD = gnu11;
				GCC_NO_COMMON_BLOCKS = YES;
				GCC_WARN_64_TO_32_BIT_CONVERSION = YES;
				GCC_WARN_ABOUT_RETURN_TYPE = YES_ERROR;
				GCC_WARN_UNDECLARED_SELECTOR = YES;
				GCC_WARN_UNINITIALIZED_AUTOS = YES_AGGRESSIVE;
				GCC_WARN_UNUSED_FUNCTION = YES;
				GCC_WARN_UNUSED_VARIABLE = YES;
				IPHONEOS_DEPLOYMENT_TARGET = 11.0;
				MTL_ENABLE_DEBUG_INFO = NO;
				SDKROOT = iphoneos;
				SWIFT_OPTIMIZATION_LEVEL = "-Owholemodule";
				VALIDATE_PRODUCT = YES;
			};
			name = Release;
		};
		81EAEB811FCC6A6C004D3430 /* Debug */ = {
			isa = XCBuildConfiguration;
			buildSettings = {
				ASSETCATALOG_COMPILER_APPICON_NAME = AppIcon;
				CODE_SIGN_STYLE = Automatic;
				DEVELOPMENT_TEAM = M6644XK36Y;
				INFOPLIST_FILE = GettingDataFromOnline/Info.plist;
				LD_RUNPATH_SEARCH_PATHS = "$(inherited) @executable_path/Frameworks";
				PRODUCT_BUNDLE_IDENTIFIER = "Melissa-He.GettingDataFromOnline";
				PRODUCT_NAME = "$(TARGET_NAME)";
				SWIFT_VERSION = 4.0;
				TARGETED_DEVICE_FAMILY = "1,2";
			};
			name = Debug;
		};
		81EAEB821FCC6A6C004D3430 /* Release */ = {
			isa = XCBuildConfiguration;
			buildSettings = {
				ASSETCATALOG_COMPILER_APPICON_NAME = AppIcon;
				CODE_SIGN_STYLE = Automatic;
				DEVELOPMENT_TEAM = M6644XK36Y;
				INFOPLIST_FILE = GettingDataFromOnline/Info.plist;
				LD_RUNPATH_SEARCH_PATHS = "$(inherited) @executable_path/Frameworks";
				PRODUCT_BUNDLE_IDENTIFIER = "Melissa-He.GettingDataFromOnline";
				PRODUCT_NAME = "$(TARGET_NAME)";
				SWIFT_VERSION = 4.0;
				TARGETED_DEVICE_FAMILY = "1,2";
			};
			name = Release;
		};
/* End XCBuildConfiguration section */

/* Begin XCConfigurationList section */
		81EAEB691FCC6A6C004D3430 /* Build configuration list for PBXProject "GettingDataFromOnline" */ = {
			isa = XCConfigurationList;
			buildConfigurations = (
				81EAEB7E1FCC6A6C004D3430 /* Debug */,
				81EAEB7F1FCC6A6C004D3430 /* Release */,
			);
			defaultConfigurationIsVisible = 0;
			defaultConfigurationName = Release;
		};
		81EAEB801FCC6A6C004D3430 /* Build configuration list for PBXNativeTarget "GettingDataFromOnline" */ = {
			isa = XCConfigurationList;
			buildConfigurations = (
				81EAEB811FCC6A6C004D3430 /* Debug */,
				81EAEB821FCC6A6C004D3430 /* Release */,
			);
			defaultConfigurationIsVisible = 0;
			defaultConfigurationName = Release;
		};
/* End XCConfigurationList section */
	};
	rootObject = 81EAEB661FCC6A6C004D3430 /* Project object */;
}
